
Microsoft Visual Studio Solution File, Format Version 12.00
# Visual Studio Version 17
VisualStudioVersion = 17.0.32112.339
MinimumVisualStudioVersion = 10.0.40219.1
Project("{2150E333-8FDC-42A3-9474-1A3956D46DE8}") = "0 - Apresentacao", "0 - Apresentacao", "{B1501FD5-80F5-42D1-B989-3A225B5DC2D2}"
EndProject
Project("{FAE04EC0-301F-11D3-BF4B-00C04F79EFBC}") = "AR.Apresentacao", "AR.Apresentacao\AR.Apresentacao.csproj", "{3FF2D374-E720-4B11-84C8-AB65DA3D17EC}"
EndProject
Global
	GlobalSection(SolutionConfigurationPlatforms) = preSolution
		Debug|Any CPU = Debug|Any CPU
		Release|Any CPU = Release|Any CPU
	EndGlobalSection
	GlobalSection(ProjectConfigurationPlatforms) = postSolution
		{3FF2D374-E720-4B11-84C8-AB65DA3D17EC}.Debug|Any CPU.ActiveCfg = Debug|Any CPU
		{3FF2D374-E720-4B11-84C8-AB65DA3D17EC}.Debug|Any CPU.Build.0 = Debug|Any CPU
		{3FF2D374-E720-4B11-84C8-AB65DA3D17EC}.Release|Any CPU.ActiveCfg = Release|Any CPU
		{3FF2D374-E720-4B11-84C8-AB65DA3D17EC}.Release|Any CPU.Build.0 = Release|Any CPU
	EndGlobalSection
	GlobalSection(SolutionProperties) = preSolution
		HideSolutionNode = FALSE
	EndGlobalSection
	GlobalSection(NestedProjects) = preSolution
		{3FF2D374-E720-4B11-84C8-AB65DA3D17EC} = {B1501FD5-80F5-42D1-B989-3A225B5DC2D2}
	EndGlobalSection
	GlobalSection(ExtensibilityGlobals) = postSolution
		SolutionGuid = {AEFFD367-4D15-4FB5-8ACE-C36D99875017}
	EndGlobalSection
EndGlobal
